
Microsoft Visual Studio Solution File, Format Version 12.00
# Visual Studio 15
VisualStudioVersion = 15.0.28010.2016
MinimumVisualStudioVersion = 10.0.40219.1
Project("{FAE04EC0-301F-11D3-BF4B-00C04F79EFBC}") = "SQLite.Android", "SQLite\SQLite.Android\SQLite.Android.csproj", "{C40119C1-94BE-40B6-A36A-761D84F233F3}"
EndProject
Project("{FAE04EC0-301F-11D3-BF4B-00C04F79EFBC}") = "SQLite.iOS", "SQLite\SQLite.iOS\SQLite.iOS.csproj", "{00609510-CCB3-452B-A714-63633FFE46D0}"
EndProject
Project("{FAE04EC0-301F-11D3-BF4B-00C04F79EFBC}") = "SQLite", "SQLite\SQLite\SQLite.csproj", "{E6C02EEE-4166-407D-A034-023FDF9460E3}"
EndProject
Global
	GlobalSection(SolutionConfigurationPlatforms) = preSolution
		Ad-Hoc|Any CPU = Ad-Hoc|Any CPU
		Ad-Hoc|iPhone = Ad-Hoc|iPhone
		Ad-Hoc|iPhoneSimulator = Ad-Hoc|iPhoneSimulator
		AppStore|Any CPU = AppStore|Any CPU
		AppStore|iPhone = AppStore|iPhone
		AppStore|iPhoneSimulator = AppStore|iPhoneSimulator
		Debug|Any CPU = Debug|Any CPU
		Debug|iPhone = Debug|iPhone
		Debug|iPhoneSimulator = Debug|iPhoneSimulator
		Release|Any CPU = Release|Any CPU
		Release|iPhone = Release|iPhone
		Release|iPhoneSimulator = Release|iPhoneSimulator
	EndGlobalSection
	GlobalSection(ProjectConfigurationPlatforms) = postSolution
		{C40119C1-94BE-40B6-A36A-761D84F233F3}.Ad-Hoc|Any CPU.ActiveCfg = Release|Any CPU
		{C40119C1-94BE-40B6-A36A-761D84F233F3}.Ad-Hoc|Any CPU.Build.0 = Release|Any CPU
		{C40119C1-94BE-40B6-A36A-761D84F233F3}.Ad-Hoc|Any CPU.Deploy.0 = Release|Any CPU
		{C40119C1-94BE-40B6-A36A-761D84F233F3}.Ad-Hoc|iPhone.ActiveCfg = Release|Any CPU
		{C40119C1-94BE-40B6-A36A-761D84F233F3}.Ad-Hoc|iPhone.Build.0 = Release|Any CPU
		{C40119C1-94BE-40B6-A36A-761D84F233F3}.Ad-Hoc|iPhone.Deploy.0 = Release|Any CPU
		{C40119C1-94BE-40B6-A36A-761D84F233F3}.Ad-Hoc|iPhoneSimulator.ActiveCfg = Release|Any CPU
		{C40119C1-94BE-40B6-A36A-761D84F233F3}.Ad-Hoc|iPhoneSimulator.Build.0 = Release|Any CPU
		{C40119C1-94BE-40B6-A36A-761D84F233F3}.Ad-Hoc|iPhoneSimulator.Deploy.0 = Release|Any CPU
		{C40119C1-94BE-40B6-A36A-761D84F233F3}.AppStore|Any CPU.ActiveCfg = Release|Any CPU
		{C40119C1-94BE-40B6-A36A-761D84F233F3}.AppStore|Any CPU.Build.0 = Release|Any CPU
		{C40119C1-94BE-40B6-A36A-761D84F233F3}.AppStore|Any CPU.Deploy.0 = Release|Any CPU
		{C40119C1-94BE-40B6-A36A-761D84F233F3}.AppStore|iPhone.ActiveCfg = Release|Any CPU
		{C40119C1-94BE-40B6-A36A-761D84F233F3}.AppStore|iPhone.Build.0 = Release|Any CPU
		{C40119C1-94BE-40B6-A36A-761D84F233F3}.AppStore|iPhone.Deploy.0 = Release|Any CPU
		{C40119C1-94BE-40B6-A36A-761D84F233F3}.AppStore|iPhoneSimulator.ActiveCfg = Release|Any CPU
		{C40119C1-94BE-40B6-A36A-761D84F233F3}.AppStore|iPhoneSimulator.Build.0 = Release|Any CPU
		{C40119C1-94BE-40B6-A36A-761D84F233F3}.AppStore|iPhoneSimulator.Deploy.0 = Release|Any CPU
		{C40119C1-94BE-40B6-A36A-761D84F233F3}.Debug|Any CPU.ActiveCfg = Debug|Any CPU
		{C40119C1-94BE-40B6-A36A-761D84F233F3}.Debug|Any CPU.Build.0 = Debug|Any CPU
		{C40119C1-94BE-40B6-A36A-761D84F233F3}.Debug|Any CPU.Deploy.0 = Debug|Any CPU
		{C40119C1-94BE-40B6-A36A-761D84F233F3}.Debug|iPhone.ActiveCfg = Debug|Any CPU
		{C40119C1-94BE-40B6-A36A-761D84F233F3}.Debug|iPhone.Build.0 = Debug|Any CPU
		{C40119C1-94BE-40B6-A36A-761D84F233F3}.Debug|iPhone.Deploy.0 = Debug|Any CPU
		{C40119C1-94BE-40B6-A36A-761D84F233F3}.Debug|iPhoneSimulator.ActiveCfg = Debug|Any CPU
		{C40119C1-94BE-40B6-A36A-761D84F233F3}.Debug|iPhoneSimulator.Build.0 = Debug|Any CPU
		{C40119C1-94BE-40B6-A36A-761D84F233F3}.Debug|iPhoneSimulator.Deploy.0 = Debug|Any CPU
		{C40119C1-94BE-40B6-A36A-761D84F233F3}.Release|Any CPU.ActiveCfg = Release|Any CPU
		{C40119C1-94BE-40B6-A36A-761D84F233F3}.Release|Any CPU.Build.0 = Release|Any CPU
		{C40119C1-94BE-40B6-A36A-761D84F233F3}.Release|Any CPU.Deploy.0 = Release|Any CPU
		{C40119C1-94BE-40B6-A36A-761D84F233F3}.Release|iPhone.ActiveCfg = Release|Any CPU
		{C40119C1-94BE-40B6-A36A-761D84F233F3}.Release|iPhone.Build.0 = Release|Any CPU
		{C40119C1-94BE-40B6-A36A-761D84F233F3}.Release|iPhone.Deploy.0 = Release|Any CPU
		{C40119C1-94BE-40B6-A36A-761D84F233F3}.Release|iPhoneSimulator.ActiveCfg = Release|Any CPU
		{C40119C1-94BE-40B6-A36A-761D84F233F3}.Release|iPhoneSimulator.Build.0 = Release|Any CPU
		{C40119C1-94BE-40B6-A36A-761D84F233F3}.Release|iPhoneSimulator.Deploy.0 = Release|Any CPU
		{00609510-CCB3-452B-A714-63633FFE46D0}.Ad-Hoc|Any CPU.ActiveCfg = Ad-Hoc|iPhone
		{00609510-CCB3-452B-A714-63633FFE46D0}.Ad-Hoc|Any CPU.Build.0 = Ad-Hoc|iPhone
		{00609510-CCB3-452B-A714-63633FFE46D0}.Ad-Hoc|Any CPU.Deploy.0 = Ad-Hoc|iPhone
		{00609510-CCB3-452B-A714-63633FFE46D0}.Ad-Hoc|iPhone.ActiveCfg = Ad-Hoc|iPhone
		{00609510-CCB3-452B-A714-63633FFE46D0}.Ad-Hoc|iPhone.Build.0 = Ad-Hoc|iPhone
		{00609510-CCB3-452B-A714-63633FFE46D0}.Ad-Hoc|iPhone.Deploy.0 = Ad-Hoc|iPhone
		{00609510-CCB3-452B-A714-63633FFE46D0}.Ad-Hoc|iPhoneSimulator.ActiveCfg = Ad-Hoc|iPhoneSimulator
		{00609510-CCB3-452B-A714-63633FFE46D0}.Ad-Hoc|iPhoneSimulator.Build.0 = Ad-Hoc|iPhoneSimulator
		{00609510-CCB3-452B-A714-63633FFE46D0}.Ad-Hoc|iPhoneSimulator.Deploy.0 = Ad-Hoc|iPhoneSimulator
		{00609510-CCB3-452B-A714-63633FFE46D0}.AppStore|Any CPU.ActiveCfg = AppStore|iPhone
		{00609510-CCB3-452B-A714-63633FFE46D0}.AppStore|Any CPU.Build.0 = AppStore|iPhone
		{00609510-CCB3-452B-A714-63633FFE46D0}.AppStore|Any CPU.Deploy.0 = AppStore|iPhone
		{00609510-CCB3-452B-A714-63633FFE46D0}.AppStore|iPhone.ActiveCfg = AppStore|iPhone
		{00609510-CCB3-452B-A714-63633FFE46D0}.AppStore|iPhone.Build.0 = AppStore|iPhone
		{00609510-CCB3-452B-A714-63633FFE46D0}.AppStore|iPhone.Deploy.0 = AppStore|iPhone
		{00609510-CCB3-452B-A714-63633FFE46D0}.AppStore|iPhoneSimulator.ActiveCfg = AppStore|iPhoneSimulator
		{00609510-CCB3-452B-A714-63633FFE46D0}.AppStore|iPhoneSimulator.Build.0 = AppStore|iPhoneSimulator
		{00609510-CCB3-452B-A714-63633FFE46D0}.AppStore|iPhoneSimulator.Deploy.0 = AppStore|iPhoneSimulator
		{00609510-CCB3-452B-A714-63633FFE46D0}.Debug|Any CPU.ActiveCfg = Debug|iPhoneSimulator
		{00609510-CCB3-452B-A714-63633FFE46D0}.Debug|Any CPU.Build.0 = Debug|iPhoneSimulator
		{00609510-CCB3-452B-A714-63633FFE46D0}.Debug|Any CPU.Deploy.0 = Debug|iPhoneSimulator
		{00609510-CCB3-452B-A714-63633FFE46D0}.Debug|iPhone.ActiveCfg = Debug|iPhone
		{00609510-CCB3-452B-A714-63633FFE46D0}.Debug|iPhone.Build.0 = Debug|iPhone
		{00609510-CCB3-452B-A714-63633FFE46D0}.Debug|iPhone.Deploy.0 = Debug|iPhone
		{00609510-CCB3-452B-A714-63633FFE46D0}.Debug|iPhoneSimulator.ActiveCfg = Debug|iPhoneSimulator
		{00609510-CCB3-452B-A714-63633FFE46D0}.Debug|iPhoneSimulator.Build.0 = Debug|iPhoneSimulator
		{00609510-CCB3-452B-A714-63633FFE46D0}.Debug|iPhoneSimulator.Deploy.0 = Debug|iPhoneSimulator
		{00609510-CCB3-452B-A714-63633FFE46D0}.Release|Any CPU.ActiveCfg = Release|iPhone
		{00609510-CCB3-452B-A714-63633FFE46D0}.Release|Any CPU.Build.0 = Release|iPhone
		{00609510-CCB3-452B-A714-63633FFE46D0}.Release|Any CPU.Deploy.0 = Release|iPhone
		{00609510-CCB3-452B-A714-63633FFE46D0}.Release|iPhone.ActiveCfg = Release|iPhone
		{00609510-CCB3-452B-A714-63633FFE46D0}.Release|iPhone.Build.0 = Release|iPhone
		{00609510-CCB3-452B-A714-63633FFE46D0}.Release|iPhone.Deploy.0 = Release|iPhone
		{00609510-CCB3-452B-A714-63633FFE46D0}.Release|iPhoneSimulator.ActiveCfg = Release|iPhoneSimulator
		{00609510-CCB3-452B-A714-63633FFE46D0}.Release|iPhoneSimulator.Build.0 = Release|iPhoneSimulator
		{00609510-CCB3-452B-A714-63633FFE46D0}.Release|iPhoneSimulator.Deploy.0 = Release|iPhoneSimulator
		{E6C02EEE-4166-407D-A034-023FDF9460E3}.Ad-Hoc|Any CPU.ActiveCfg = Debug|Any CPU
		{E6C02EEE-4166-407D-A034-023FDF9460E3}.Ad-Hoc|Any CPU.Build.0 = Debug|Any CPU
		{E6C02EEE-4166-407D-A034-023FDF9460E3}.Ad-Hoc|Any CPU.Deploy.0 = Debug|Any CPU
		{E6C02EEE-4166-407D-A034-023FDF9460E3}.Ad-Hoc|iPhone.ActiveCfg = Debug|Any CPU
		{E6C02EEE-4166-407D-A034-023FDF9460E3}.Ad-Hoc|iPhone.Build.0 = Debug|Any CPU
		{E6C02EEE-4166-407D-A034-023FDF9460E3}.Ad-Hoc|iPhone.Deploy.0 = Debug|Any CPU
		{E6C02EEE-4166-407D-A034-023FDF9460E3}.Ad-Hoc|iPhoneSimulator.ActiveCfg = Debug|Any CPU
		{E6C02EEE-4166-407D-A034-023FDF9460E3}.Ad-Hoc|iPhoneSimulator.Build.0 = Debug|Any CPU
		{E6C02EEE-4166-407D-A034-023FDF9460E3}.Ad-Hoc|iPhoneSimulator.Deploy.0 = Debug|Any CPU
		{E6C02EEE-4166-407D-A034-023FDF9460E3}.AppStore|Any CPU.ActiveCfg = Debug|Any CPU
		{E6C02EEE-4166-407D-A034-023FDF9460E3}.AppStore|Any CPU.Build.0 = Debug|Any CPU
		{E6C02EEE-4166-407D-A034-023FDF9460E3}.AppStore|Any CPU.Deploy.0 = Debug|Any CPU
		{E6C02EEE-4166-407D-A034-023FDF9460E3}.AppStore|iPhone.ActiveCfg = Debug|Any CPU
		{E6C02EEE-4166-407D-A034-023FDF9460E3}.AppStore|iPhone.Build.0 = Debug|Any CPU
		{E6C02EEE-4166-407D-A034-023FDF9460E3}.AppStore|iPhone.Deploy.0 = Debug|Any CPU
		{E6C02EEE-4166-407D-A034-023FDF9460E3}.AppStore|iPhoneSimulator.ActiveCfg = Debug|Any CPU
		{E6C02EEE-4166-407D-A034-023FDF9460E3}.AppStore|iPhoneSimulator.Build.0 = Debug|Any CPU
		{E6C02EEE-4166-407D-A034-023FDF9460E3}.AppStore|iPhoneSimulator.Deploy.0 = Debug|Any CPU
		{E6C02EEE-4166-407D-A034-023FDF9460E3}.Debug|Any CPU.ActiveCfg = Debug|Any CPU
		{E6C02EEE-4166-407D-A034-023FDF9460E3}.Debug|Any CPU.Build.0 = Debug|Any CPU
		{E6C02EEE-4166-407D-A034-023FDF9460E3}.Debug|Any CPU.Deploy.0 = Debug|Any CPU
		{E6C02EEE-4166-407D-A034-023FDF9460E3}.Debug|iPhone.ActiveCfg = Debug|Any CPU
		{E6C02EEE-4166-407D-A034-023FDF9460E3}.Debug|iPhone.Build.0 = Debug|Any CPU
		{E6C02EEE-4166-407D-A034-023FDF9460E3}.Debug|iPhone.Deploy.0 = Debug|Any CPU
		{E6C02EEE-4166-407D-A034-023FDF9460E3}.Debug|iPhoneSimulator.ActiveCfg = Debug|Any CPU
		{E6C02EEE-4166-407D-A034-023FDF9460E3}.Debug|iPhoneSimulator.Build.0 = Debug|Any CPU
		{E6C02EEE-4166-407D-A034-023FDF9460E3}.Debug|iPhoneSimulator.Deploy.0 = Debug|Any CPU
		{E6C02EEE-4166-407D-A034-023FDF9460E3}.Release|Any CPU.ActiveCfg = Release|Any CPU
		{E6C02EEE-4166-407D-A034-023FDF9460E3}.Release|Any CPU.Build.0 = Release|Any CPU
		{E6C02EEE-4166-407D-A034-023FDF9460E3}.Release|Any CPU.Deploy.0 = Release|Any CPU
		{E6C02EEE-4166-407D-A034-023FDF9460E3}.Release|iPhone.ActiveCfg = Release|Any CPU
		{E6C02EEE-4166-407D-A034-023FDF9460E3}.Release|iPhone.Build.0 = Release|Any CPU
		{E6C02EEE-4166-407D-A034-023FDF9460E3}.Release|iPhone.Deploy.0 = Release|Any CPU
		{E6C02EEE-4166-407D-A034-023FDF9460E3}.Release|iPhoneSimulator.ActiveCfg = Release|Any CPU
		{E6C02EEE-4166-407D-A034-023FDF9460E3}.Release|iPhoneSimulator.Build.0 = Release|Any CPU
		{E6C02EEE-4166-407D-A034-023FDF9460E3}.Release|iPhoneSimulator.Deploy.0 = Release|Any CPU
	EndGlobalSection
	GlobalSection(SolutionProperties) = preSolution
		HideSolutionNode = FALSE
	EndGlobalSection
	GlobalSection(ExtensibilityGlobals) = postSolution
		SolutionGuid = {E37E3627-BF6D-4F04-A1B7-8A7535178C5B}
	EndGlobalSection
EndGlobal
